// !$*UTF8*$!
{
	archiveVersion = 1;
	classes = {
	};
	objectVersion = 46;
	objects = {

/* Begin PBXBuildFile section */
		0C3CB4EE1A5BC3720017F4DC /* AppDelegate.swift in Sources */ = {isa = PBXBuildFile; fileRef = 0C3CB4ED1A5BC3720017F4DC /* AppDelegate.swift */; };
		0C3CB4F01A5BC3720017F4DC /* GameScene.sks in Resources */ = {isa = PBXBuildFile; fileRef = 0C3CB4EF1A5BC3720017F4DC /* GameScene.sks */; };
		0C3CB4F21A5BC3720017F4DC /* GameScene.swift in Sources */ = {isa = PBXBuildFile; fileRef = 0C3CB4F11A5BC3720017F4DC /* GameScene.swift */; };
		0C3CB4F41A5BC3720017F4DC /* GameViewController.swift in Sources */ = {isa = PBXBuildFile; fileRef = 0C3CB4F31A5BC3720017F4DC /* GameViewController.swift */; };
		0C3CB4F71A5BC3720017F4DC /* Main.storyboard in Resources */ = {isa = PBXBuildFile; fileRef = 0C3CB4F51A5BC3720017F4DC /* Main.storyboard */; };
		0C3CB4F91A5BC3720017F4DC /* Images.xcassets in Resources */ = {isa = PBXBuildFile; fileRef = 0C3CB4F81A5BC3720017F4DC /* Images.xcassets */; };
		0C3CB4FC1A5BC3720017F4DC /* LaunchScreen.xib in Resources */ = {isa = PBXBuildFile; fileRef = 0C3CB4FA1A5BC3720017F4DC /* LaunchScreen.xib */; };
		0C3CB5081A5BC3730017F4DC /* TextDriveTests.swift in Sources */ = {isa = PBXBuildFile; fileRef = 0C3CB5071A5BC3730017F4DC /* TextDriveTests.swift */; };
/* End PBXBuildFile section */

/* Begin PBXContainerItemProxy section */
		0C3CB5021A5BC3730017F4DC /* PBXContainerItemProxy */ = {
			isa = PBXContainerItemProxy;
			containerPortal = 0C3CB4E01A5BC3720017F4DC /* Project object */;
			proxyType = 1;
			remoteGlobalIDString = 0C3CB4E71A5BC3720017F4DC;
			remoteInfo = TextDrive;
		};
/* End PBXContainerItemProxy section */

/* Begin PBXFileReference section */
		0C3CB4E81A5BC3720017F4DC /* TextDrive.app */ = {isa = PBXFileReference; explicitFileType = wrapper.application; includeInIndex = 0; path = TextDrive.app; sourceTree = BUILT_PRODUCTS_DIR; };
		0C3CB4EC1A5BC3720017F4DC /* Info.plist */ = {isa = PBXFileReference; lastKnownFileType = text.plist.xml; path = Info.plist; sourceTree = "<group>"; };
		0C3CB4ED1A5BC3720017F4DC /* AppDelegate.swift */ = {isa = PBXFileReference; lastKnownFileType = sourcecode.swift; path = AppDelegate.swift; sourceTree = "<group>"; };
		0C3CB4EF1A5BC3720017F4DC /* GameScene.sks */ = {isa = PBXFileReference; lastKnownFileType = file.sks; path = GameScene.sks; sourceTree = "<group>"; };
		0C3CB4F11A5BC3720017F4DC /* GameScene.swift */ = {isa = PBXFileReference; lastKnownFileType = sourcecode.swift; path = GameScene.swift; sourceTree = "<group>"; };
		0C3CB4F31A5BC3720017F4DC /* GameViewController.swift */ = {isa = PBXFileReference; lastKnownFileType = sourcecode.swift; path = GameViewController.swift; sourceTree = "<group>"; };
		0C3CB4F61A5BC3720017F4DC /* Base */ = {isa = PBXFileReference; lastKnownFileType = file.storyboard; name = Base; path = Base.lproj/Main.storyboard; sourceTree = "<group>"; };
		0C3CB4F81A5BC3720017F4DC /* Images.xcassets */ = {isa = PBXFileReference; lastKnownFileType = folder.assetcatalog; path = Images.xcassets; sourceTree = "<group>"; };
		0C3CB4FB1A5BC3720017F4DC /* Base */ = {isa = PBXFileReference; lastKnownFileType = file.xib; name = Base; path = Base.lproj/LaunchScreen.xib; sourceTree = "<group>"; };
		0C3CB5011A5BC3730017F4DC /* TextDriveTests.xctest */ = {isa = PBXFileReference; explicitFileType = wrapper.cfbundle; includeInIndex = 0; path = TextDriveTests.xctest; sourceTree = BUILT_PRODUCTS_DIR; };
		0C3CB5061A5BC3730017F4DC /* Info.plist */ = {isa = PBXFileReference; lastKnownFileType = text.plist.xml; path = Info.plist; sourceTree = "<group>"; };
		0C3CB5071A5BC3730017F4DC /* TextDriveTests.swift */ = {isa = PBXFileReference; lastKnownFileType = sourcecode.swift; path = TextDriveTests.swift; sourceTree = "<group>"; };
/* End PBXFileReference section */

/* Begin PBXFrameworksBuildPhase section */
		0C3CB4E51A5BC3720017F4DC /* Frameworks */ = {
			isa = PBXFrameworksBuildPhase;
			buildActionMask = 2147483647;
			files = (
			);
			runOnlyForDeploymentPostprocessing = 0;
		};
		0C3CB4FE1A5BC3730017F4DC /* Frameworks */ = {
			isa = PBXFrameworksBuildPhase;
			buildActionMask = 2147483647;
			files = (
			);
			runOnlyForDeploymentPostprocessing = 0;
		};
/* End PBXFrameworksBuildPhase section */

/* Begin PBXGroup section */
		0C3CB4DF1A5BC3720017F4DC = {
			isa = PBXGroup;
			children = (
				0C3CB4EA1A5BC3720017F4DC /* TextDrive */,
				0C3CB5041A5BC3730017F4DC /* TextDriveTests */,
				0C3CB4E91A5BC3720017F4DC /* Products */,
			);
			sourceTree = "<group>";
		};
		0C3CB4E91A5BC3720017F4DC /* Products */ = {
			isa = PBXGroup;
			children = (
				0C3CB4E81A5BC3720017F4DC /* TextDrive.app */,
				0C3CB5011A5BC3730017F4DC /* TextDriveTests.xctest */,
			);
			name = Products;
			sourceTree = "<group>";
		};
		0C3CB4EA1A5BC3720017F4DC /* TextDrive */ = {
			isa = PBXGroup;
			children = (
				0C3CB4ED1A5BC3720017F4DC /* AppDelegate.swift */,
				0C3CB4EF1A5BC3720017F4DC /* GameScene.sks */,
				0C3CB4F11A5BC3720017F4DC /* GameScene.swift */,
				0C3CB4F31A5BC3720017F4DC /* GameViewController.swift */,
				0C3CB4F51A5BC3720017F4DC /* Main.storyboard */,
				0C3CB4F81A5BC3720017F4DC /* Images.xcassets */,
				0C3CB4FA1A5BC3720017F4DC /* LaunchScreen.xib */,
				0C3CB4EB1A5BC3720017F4DC /* Supporting Files */,
			);
			path = TextDrive;
			sourceTree = "<group>";
		};
		0C3CB4EB1A5BC3720017F4DC /* Supporting Files */ = {
			isa = PBXGroup;
			children = (
				0C3CB4EC1A5BC3720017F4DC /* Info.plist */,
			);
			name = "Supporting Files";
			sourceTree = "<group>";
		};
		0C3CB5041A5BC3730017F4DC /* TextDriveTests */ = {
			isa = PBXGroup;
			children = (
				0C3CB5071A5BC3730017F4DC /* TextDriveTests.swift */,
				0C3CB5051A5BC3730017F4DC /* Supporting Files */,
			);
			path = TextDriveTests;
			sourceTree = "<group>";
		};
		0C3CB5051A5BC3730017F4DC /* Supporting Files */ = {
			isa = PBXGroup;
			children = (
				0C3CB5061A5BC3730017F4DC /* Info.plist */,
			);
			name = "Supporting Files";
			sourceTree = "<group>";
		};
/* End PBXGroup section */

/* Begin PBXNativeTarget section */
		0C3CB4E71A5BC3720017F4DC /* TextDrive */ = {
			isa = PBXNativeTarget;
			buildConfigurationList = 0C3CB50B1A5BC3730017F4DC /* Build configuration list for PBXNativeTarget "TextDrive" */;
			buildPhases = (
				0C3CB4E41A5BC3720017F4DC /* Sources */,
				0C3CB4E51A5BC3720017F4DC /* Frameworks */,
				0C3CB4E61A5BC3720017F4DC /* Resources */,
			);
			buildRules = (
			);
			dependencies = (
			);
			name = TextDrive;
			productName = TextDrive;
			productReference = 0C3CB4E81A5BC3720017F4DC /* TextDrive.app */;
			productType = "com.apple.product-type.application";
		};
		0C3CB5001A5BC3730017F4DC /* TextDriveTests */ = {
			isa = PBXNativeTarget;
			buildConfigurationList = 0C3CB50E1A5BC3730017F4DC /* Build configuration list for PBXNativeTarget "TextDriveTests" */;
			buildPhases = (
				0C3CB4FD1A5BC3730017F4DC /* Sources */,
				0C3CB4FE1A5BC3730017F4DC /* Frameworks */,
				0C3CB4FF1A5BC3730017F4DC /* Resources */,
			);
			buildRules = (
			);
			dependencies = (
				0C3CB5031A5BC3730017F4DC /* PBXTargetDependency */,
			);
			name = TextDriveTests;
			productName = TextDriveTests;
			productReference = 0C3CB5011A5BC3730017F4DC /* TextDriveTests.xctest */;
			productType = "com.apple.product-type.bundle.unit-test";
		};
/* End PBXNativeTarget section */

/* Begin PBXProject section */
		0C3CB4E01A5BC3720017F4DC /* Project object */ = {
			isa = PBXProject;
			attributes = {
				LastUpgradeCheck = 0610;
				ORGANIZATIONNAME = FastlaneFire;
				TargetAttributes = {
					0C3CB4E71A5BC3720017F4DC = {
						CreatedOnToolsVersion = 6.1.1;
					};
					0C3CB5001A5BC3730017F4DC = {
						CreatedOnToolsVersion = 6.1.1;
						TestTargetID = 0C3CB4E71A5BC3720017F4DC;
					};
				};
			};
			buildConfigurationList = 0C3CB4E31A5BC3720017F4DC /* Build configuration list for PBXProject "TextDrive" */;
			compatibilityVersion = "Xcode 3.2";
			developmentRegion = English;
			hasScannedForEncodings = 0;
			knownRegions = (
				en,
				Base,
			);
			mainGroup = 0C3CB4DF1A5BC3720017F4DC;
			productRefGroup = 0C3CB4E91A5BC3720017F4DC /* Products */;
			projectDirPath = "";
			projectRoot = "";
			targets = (
				0C3CB4E71A5BC3720017F4DC /* TextDrive */,
				0C3CB5001A5BC3730017F4DC /* TextDriveTests */,
			);
		};
/* End PBXProject section */

/* Begin PBXResourcesBuildPhase section */
		0C3CB4E61A5BC3720017F4DC /* Resources */ = {
			isa = PBXResourcesBuildPhase;
			buildActionMask = 2147483647;
			files = (
				0C3CB4FC1A5BC3720017F4DC /* LaunchScreen.xib in Resources */,
				0C3CB4F91A5BC3720017F4DC /* Images.xcassets in Resources */,
				0C3CB4F01A5BC3720017F4DC /* GameScene.sks in Resources */,
				0C3CB4F71A5BC3720017F4DC /* Main.storyboard in Resources */,
			);
			runOnlyForDeploymentPostprocessing = 0;
		};
		0C3CB4FF1A5BC3730017F4DC /* Resources */ = {
			isa = PBXResourcesBuildPhase;
			buildActionMask = 2147483647;
			files = (
			);
			runOnlyForDeploymentPostprocessing = 0;
		};
/* End PBXResourcesBuildPhase section */

/* Begin PBXSourcesBuildPhase section */
		0C3CB4E41A5BC3720017F4DC /* Sources */ = {
			isa = PBXSourcesBuildPhase;
			buildActionMask = 2147483647;
			files = (
				0C3CB4F21A5BC3720017F4DC /* GameScene.swift in Sources */,
				0C3CB4F41A5BC3720017F4DC /* GameViewController.swift in Sources */,
				0C3CB4EE1A5BC3720017F4DC /* AppDelegate.swift in Sources */,
			);
			runOnlyForDeploymentPostprocessing = 0;
		};
		0C3CB4FD1A5BC3730017F4DC /* Sources */ = {
			isa = PBXSourcesBuildPhase;
			buildActionMask = 2147483647;
			files = (
				0C3CB5081A5BC3730017F4DC /* TextDriveTests.swift in Sources */,
			);
			runOnlyForDeploymentPostprocessing = 0;
		};
/* End PBXSourcesBuildPhase section */

/* Begin PBXTargetDependency section */
		0C3CB5031A5BC3730017F4DC /* PBXTargetDependency */ = {
			isa = PBXTargetDependency;
			target = 0C3CB4E71A5BC3720017F4DC /* TextDrive */;
			targetProxy = 0C3CB5021A5BC3730017F4DC /* PBXContainerItemProxy */;
		};
/* End PBXTargetDependency section */

/* Begin PBXVariantGroup section */
		0C3CB4F51A5BC3720017F4DC /* Main.storyboard */ = {
			isa = PBXVariantGroup;
			children = (
				0C3CB4F61A5BC3720017F4DC /* Base */,
			);
			name = Main.storyboard;
			sourceTree = "<group>";
		};
		0C3CB4FA1A5BC3720017F4DC /* LaunchScreen.xib */ = {
			isa = PBXVariantGroup;
			children = (
				0C3CB4FB1A5BC3720017F4DC /* Base */,
			);
			name = LaunchScreen.xib;
			sourceTree = "<group>";
		};
/* End PBXVariantGroup section */

/* Begin XCBuildConfiguration section */
		0C3CB5091A5BC3730017F4DC /* Debug */ = {
			isa = XCBuildConfiguration;
			buildSettings = {
				ALWAYS_SEARCH_USER_PATHS = NO;
				CLANG_CXX_LANGUAGE_STANDARD = "gnu++0x";
				CLANG_CXX_LIBRARY = "libc++";
				CLANG_ENABLE_MODULES = YES;
				CLANG_ENABLE_OBJC_ARC = YES;
				CLANG_WARN_BOOL_CONVERSION = YES;
				CLANG_WARN_CONSTANT_CONVERSION = YES;
				CLANG_WARN_DIRECT_OBJC_ISA_USAGE = YES_ERROR;
				CLANG_WARN_EMPTY_BODY = YES;
				CLANG_WARN_ENUM_CONVERSION = YES;
				CLANG_WARN_INT_CONVERSION = YES;
				CLANG_WARN_OBJC_ROOT_CLASS = YES_ERROR;
				CLANG_WARN_UNREACHABLE_CODE = YES;
				CLANG_WARN__DUPLICATE_METHOD_MATCH = YES;
				"CODE_SIGN_IDENTITY[sdk=iphoneos*]" = "iPhone Developer";
				COPY_PHASE_STRIP = NO;
				ENABLE_STRICT_OBJC_MSGSEND = YES;
				GCC_C_LANGUAGE_STANDARD = gnu99;
				GCC_DYNAMIC_NO_PIC = NO;
				GCC_OPTIMIZATION_LEVEL = 0;
				GCC_PREPROCESSOR_DEFINITIONS = (
					"DEBUG=1",
					"$(inherited)",
				);
				GCC_SYMBOLS_PRIVATE_EXTERN = NO;
				GCC_WARN_64_TO_32_BIT_CONVERSION = YES;
				GCC_WARN_ABOUT_RETURN_TYPE = YES_ERROR;
				GCC_WARN_UNDECLARED_SELECTOR = YES;
				GCC_WARN_UNINITIALIZED_AUTOS = YES_AGGRESSIVE;
				GCC_WARN_UNUSED_FUNCTION = YES;
				GCC_WARN_UNUSED_VARIABLE = YES;
				IPHONEOS_DEPLOYMENT_TARGET = 8.1;
				MTL_ENABLE_DEBUG_INFO = YES;
				ONLY_ACTIVE_ARCH = YES;
				SDKROOT = iphoneos;
				SWIFT_OPTIMIZATION_LEVEL = "-Onone";
				TARGETED_DEVICE_FAMILY = "1,2";
			};
			name = Debug;
		};
		0C3CB50A1A5BC3730017F4DC /* Release */ = {
			isa = XCBuildConfiguration;
			buildSettings = {
				ALWAYS_SEARCH_USER_PATHS = NO;
				CLANG_CXX_LANGUAGE_STANDARD = "gnu++0x";
				CLANG_CXX_LIBRARY = "libc++";
				CLANG_ENABLE_MODULES = YES;
				CLANG_ENABLE_OBJC_ARC = YES;
				CLANG_WARN_BOOL_CONVERSION = YES;
				CLANG_WARN_CONSTANT_CONVERSION = YES;
				CLANG_WARN_DIRECT_OBJC_ISA_USAGE = YES_ERROR;
				CLANG_WARN_EMPTY_BODY = YES;
				CLANG_WARN_ENUM_CONVERSION = YES;
				CLANG_WARN_INT_CONVERSION = YES;
				CLANG_WARN_OBJC_ROOT_CLASS = YES_ERROR;
				CLANG_WARN_UNREACHABLE_CODE = YES;
				CLANG_WARN__DUPLICATE_METHOD_MATCH = YES;
				"CODE_SIGN_IDENTITY[sdk=iphoneos*]" = "iPhone Developer";
				COPY_PHASE_STRIP = YES;
				ENABLE_NS_ASSERTIONS = NO;
				ENABLE_STRICT_OBJC_MSGSEND = YES;
				GCC_C_LANGUAGE_STANDARD = gnu99;
				GCC_WARN_64_TO_32_BIT_CONVERSION = YES;
				GCC_WARN_ABOUT_RETURN_TYPE = YES_ERROR;
				GCC_WARN_UNDECLARED_SELECTOR = YES;
				GCC_WARN_UNINITIALIZED_AUTOS = YES_AGGRESSIVE;
				GCC_WARN_UNUSED_FUNCTION = YES;
				GCC_WARN_UNUSED_VARIABLE = YES;
				IPHONEOS_DEPLOYMENT_TARGET = 8.1;
				MTL_ENABLE_DEBUG_INFO = NO;
				SDKROOT = iphoneos;
				TARGETED_DEVICE_FAMILY = "1,2";
				VALIDATE_PRODUCT = YES;
			};
			name = Release;
		};
		0C3CB50C1A5BC3730017F4DC /* Debug */ = {
			isa = XCBuildConfiguration;
			buildSettings = {
				ASSETCATALOG_COMPILER_APPICON_NAME = AppIcon;
				INFOPLIST_FILE = TextDrive/Info.plist;
				LD_RUNPATH_SEARCH_PATHS = "$(inherited) @executable_path/Frameworks";
				PRODUCT_NAME = "$(TARGET_NAME)";
			};
			name = Debug;
		};
		0C3CB50D1A5BC3730017F4DC /* Release */ = {
			isa = XCBuildConfiguration;
			buildSettings = {
				ASSETCATALOG_COMPILER_APPICON_NAME = AppIcon;
				INFOPLIST_FILE = TextDrive/Info.plist;
				LD_RUNPATH_SEARCH_PATHS = "$(inherited) @executable_path/Frameworks";
				PRODUCT_NAME = "$(TARGET_NAME)";
			};
			name = Release;
		};
		0C3CB50F1A5BC3730017F4DC /* Debug */ = {
			isa = XCBuildConfiguration;
			buildSettings = {
				BUNDLE_LOADER = "$(TEST_HOST)";
				FRAMEWORK_SEARCH_PATHS = (
					"$(SDKROOT)/Developer/Library/Frameworks",
					"$(inherited)",
				);
				GCC_PREPROCESSOR_DEFINITIONS = (
					"DEBUG=1",
					"$(inherited)",
				);
				INFOPLIST_FILE = TextDriveTests/Info.plist;
				LD_RUNPATH_SEARCH_PATHS = "$(inherited) @executable_path/Frameworks @loader_path/Frameworks";
				PRODUCT_NAME = "$(TARGET_NAME)";
				TEST_HOST = "$(BUILT_PRODUCTS_DIR)/TextDrive.app/TextDrive";
			};
			name = Debug;
		};
		0C3CB5101A5BC3730017F4DC /* Release */ = {
			isa = XCBuildConfiguration;
			buildSettings = {
				BUNDLE_LOADER = "$(TEST_HOST)";
				FRAMEWORK_SEARCH_PATHS = (
					"$(SDKROOT)/Developer/Library/Frameworks",
					"$(inherited)",
				);
				INFOPLIST_FILE = TextDriveTests/Info.plist;
				LD_RUNPATH_SEARCH_PATHS = "$(inherited) @executable_path/Frameworks @loader_path/Frameworks";
				PRODUCT_NAME = "$(TARGET_NAME)";
				TEST_HOST = "$(BUILT_PRODUCTS_DIR)/TextDrive.app/TextDrive";
			};
			name = Release;
		};
/* End XCBuildConfiguration section */

/* Begin XCConfigurationList section */
		0C3CB4E31A5BC3720017F4DC /* Build configuration list for PBXProject "TextDrive" */ = {
			isa = XCConfigurationList;
			buildConfigurations = (
				0C3CB5091A5BC3730017F4DC /* Debug */,
				0C3CB50A1A5BC3730017F4DC /* Release */,
			);
			defaultConfigurationIsVisible = 0;
			defaultConfigurationName = Release;
		};
		0C3CB50B1A5BC3730017F4DC /* Build configuration list for PBXNativeTarget "TextDrive" */ = {
			isa = XCConfigurationList;
			buildConfigurations = (
				0C3CB50C1A5BC3730017F4DC /* Debug */,
				0C3CB50D1A5BC3730017F4DC /* Release */,
			);
			defaultConfigurationIsVisible = 0;
		};
		0C3CB50E1A5BC3730017F4DC /* Build configuration list for PBXNativeTarget "TextDriveTests" */ = {
			isa = XCConfigurationList;
			buildConfigurations = (
				0C3CB50F1A5BC3730017F4DC /* Debug */,
				0C3CB5101A5BC3730017F4DC /* Release */,
			);
			defaultConfigurationIsVisible = 0;
		};
/* End XCConfigurationList section */
	};
	rootObject = 0C3CB4E01A5BC3720017F4DC /* Project object */;
}
